
Microsoft Visual Studio Solution File, Format Version 12.00
# Visual Studio Version 17
VisualStudioVersion = 17.5.002.0
MinimumVisualStudioVersion = 10.0.40219.1
Project("{9A19103F-16F7-4668-BE54-9A1E7A4F7556}") = "task_3", "task_3.csproj", "{65492C36-7DE0-49AA-B31B-39E70D600041}"
EndProject
Global
	GlobalSection(SolutionConfigurationPlatforms) = preSolution
		Debug|Any CPU = Debug|Any CPU
		Release|Any CPU = Release|Any CPU
	EndGlobalSection
	GlobalSection(ProjectConfigurationPlatforms) = postSolution
		{65492C36-7DE0-49AA-B31B-39E70D600041}.Debug|Any CPU.ActiveCfg = Debug|Any CPU
		{65492C36-7DE0-49AA-B31B-39E70D600041}.Debug|Any CPU.Build.0 = Debug|Any CPU
		{65492C36-7DE0-49AA-B31B-39E70D600041}.Release|Any CPU.ActiveCfg = Release|Any CPU
		{65492C36-7DE0-49AA-B31B-39E70D600041}.Release|Any CPU.Build.0 = Release|Any CPU
	EndGlobalSection
	GlobalSection(SolutionProperties) = preSolution
		HideSolutionNode = FALSE
	EndGlobalSection
	GlobalSection(ExtensibilityGlobals) = postSolution
		SolutionGuid = {57655C31-FD5A-44C5-AF0F-EBEF14BDE6CB}
	EndGlobalSection
EndGlobal
